
Microsoft Visual Studio Solution File, Format Version 12.00
# Visual Studio 15
VisualStudioVersion = 15.0.28307.1000
MinimumVisualStudioVersion = 10.0.40219.1
Project("{8BC9CEB8-8B4A-11D0-8D11-00A0C91BC942}") = "ReversePolishNotationCalculator", "ReversePolishNotationCalculator\ReversePolishNotationCalculator.vcxproj", "{7BF6F28C-F1F5-4515-A274-180527936DDD}"
EndProject
Global
	GlobalSection(SolutionConfigurationPlatforms) = preSolution
		Debug|x64 = Debug|x64
		Debug|x86 = Debug|x86
		Release|x64 = Release|x64
		Release|x86 = Release|x86
	EndGlobalSection
	GlobalSection(ProjectConfigurationPlatforms) = postSolution
		{7BF6F28C-F1F5-4515-A274-180527936DDD}.Debug|x64.ActiveCfg = Debug|x64
		{7BF6F28C-F1F5-4515-A274-180527936DDD}.Debug|x64.Build.0 = Debug|x64
		{7BF6F28C-F1F5-4515-A274-180527936DDD}.Debug|x86.ActiveCfg = Debug|Win32
		{7BF6F28C-F1F5-4515-A274-180527936DDD}.Debug|x86.Build.0 = Debug|Win32
		{7BF6F28C-F1F5-4515-A274-180527936DDD}.Release|x64.ActiveCfg = Release|x64
		{7BF6F28C-F1F5-4515-A274-180527936DDD}.Release|x64.Build.0 = Release|x64
		{7BF6F28C-F1F5-4515-A274-180527936DDD}.Release|x86.ActiveCfg = Release|Win32
		{7BF6F28C-F1F5-4515-A274-180527936DDD}.Release|x86.Build.0 = Release|Win32
	EndGlobalSection
	GlobalSection(SolutionProperties) = preSolution
		HideSolutionNode = FALSE
	EndGlobalSection
	GlobalSection(ExtensibilityGlobals) = postSolution
		SolutionGuid = {0F926B10-1587-472A-A508-4B1808DFDCBD}
	EndGlobalSection
EndGlobal
